// !$*UTF8*$!
{
	archiveVersion = 1;
	classes = {
	};
	objectVersion = 48;
	objects = {

/* Begin PBXBuildFile section */
		DA3AE13623CDA299006BBEB7 /* UIImage+Compress.m in Sources */ = {isa = PBXBuildFile; fileRef = DA3AE12E23CDA298006BBEB7 /* UIImage+Compress.m */; };
		DA3AE13723CDA299006BBEB7 /* UIColor+Random.m in Sources */ = {isa = PBXBuildFile; fileRef = DA3AE13023CDA299006BBEB7 /* UIColor+Random.m */; };
		DA3AE13823CDA299006BBEB7 /* UIImage+FileBase64.m in Sources */ = {isa = PBXBuildFile; fileRef = DA3AE13323CDA299006BBEB7 /* UIImage+FileBase64.m */; };
		DA3AE13923CDA299006BBEB7 /* NSString+Relative.m in Sources */ = {isa = PBXBuildFile; fileRef = DA3AE13523CDA299006BBEB7 /* NSString+Relative.m */; };
		DA3AE13F23CDA5A1006BBEB7 /* UIColor+use.m in Sources */ = {isa = PBXBuildFile; fileRef = DA3AE13E23CDA5A1006BBEB7 /* UIColor+use.m */; };
		DA3AE15623CDC3FA006BBEB7 /* LNetworkingRequest.m in Sources */ = {isa = PBXBuildFile; fileRef = DA3AE14323CDC3FA006BBEB7 /* LNetworkingRequest.m */; };
		DA3AE15723CDC3FA006BBEB7 /* LNetworkingResponse.m in Sources */ = {isa = PBXBuildFile; fileRef = DA3AE14623CDC3FA006BBEB7 /* LNetworkingResponse.m */; };
		DA3AE15823CDC3FA006BBEB7 /* LRACNetworking.m in Sources */ = {isa = PBXBuildFile; fileRef = DA3AE14823CDC3FA006BBEB7 /* LRACNetworking.m */; };
		DA3AE15923CDC3FA006BBEB7 /* LNetworkManagerConfig.m in Sources */ = {isa = PBXBuildFile; fileRef = DA3AE14923CDC3FA006BBEB7 /* LNetworkManagerConfig.m */; };
		DA3AE15A23CDC3FA006BBEB7 /* LNetworkingConst.m in Sources */ = {isa = PBXBuildFile; fileRef = DA3AE14A23CDC3FA006BBEB7 /* LNetworkingConst.m */; };
		DA3AE15B23CDC3FA006BBEB7 /* FNetworkingManager.m in Sources */ = {isa = PBXBuildFile; fileRef = DA3AE14C23CDC3FA006BBEB7 /* FNetworkingManager.m */; };
		DA66A46922B8D62E00975428 /* CAPickerView.m in Sources */ = {isa = PBXBuildFile; fileRef = DA66A46822B8D62E00975428 /* CAPickerView.m */; };
		DA8251361F7E482B0084F317 /* NSDate+Category.m in Sources */ = {isa = PBXBuildFile; fileRef = DA8251171F7E482A0084F317 /* NSDate+Category.m */; };
		DA8251371F7E482B0084F317 /* NSDateFormatter+Category.m in Sources */ = {isa = PBXBuildFile; fileRef = DA8251191F7E482A0084F317 /* NSDateFormatter+Category.m */; };
		DA8251381F7E482B0084F317 /* NSFileManager+CCFilePath.m in Sources */ = {isa = PBXBuildFile; fileRef = DA82511B1F7E482A0084F317 /* NSFileManager+CCFilePath.m */; };
		DA8251391F7E482B0084F317 /* NSObject+CCObject.m in Sources */ = {isa = PBXBuildFile; fileRef = DA82511D1F7E482A0084F317 /* NSObject+CCObject.m */; };
		DA82513A1F7E482B0084F317 /* NSObject+CCRuntime.m in Sources */ = {isa = PBXBuildFile; fileRef = DA82511F1F7E482A0084F317 /* NSObject+CCRuntime.m */; };
		DA82513B1F7E482B0084F317 /* NSObject+toString.m in Sources */ = {isa = PBXBuildFile; fileRef = DA8251211F7E482A0084F317 /* NSObject+toString.m */; };
		DA82513C1F7E482B0084F317 /* NSString+CCString.m in Sources */ = {isa = PBXBuildFile; fileRef = DA8251231F7E482A0084F317 /* NSString+CCString.m */; };
		DA82513D1F7E482B0084F317 /* NSString+Emoji.m in Sources */ = {isa = PBXBuildFile; fileRef = DA8251251F7E482A0084F317 /* NSString+Emoji.m */; };
		DA82513E1F7E482B0084F317 /* NSString+Hashes.m in Sources */ = {isa = PBXBuildFile; fileRef = DA8251271F7E482A0084F317 /* NSString+Hashes.m */; };
		DA82513F1F7E482B0084F317 /* NSTimer+CCTimer.m in Sources */ = {isa = PBXBuildFile; fileRef = DA8251291F7E482A0084F317 /* NSTimer+CCTimer.m */; };
		DA8251401F7E482B0084F317 /* CCPickerView.m in Sources */ = {isa = PBXBuildFile; fileRef = DA82512F1F7E482B0084F317 /* CCPickerView.m */; };
		DA8251411F7E482B0084F317 /* UIScrollView+EmptyDataSet.m in Sources */ = {isa = PBXBuildFile; fileRef = DA8251311F7E482B0084F317 /* UIScrollView+EmptyDataSet.m */; };
		DA8251421F7E482B0084F317 /* UIView+CCView.m in Sources */ = {isa = PBXBuildFile; fileRef = DA8251331F7E482B0084F317 /* UIView+CCView.m */; };
		DA8251431F7E482B0084F317 /* XCTableView.m in Sources */ = {isa = PBXBuildFile; fileRef = DA8251351F7E482B0084F317 /* XCTableView.m */; };
/* End PBXBuildFile section */

/* Begin PBXCopyFilesBuildPhase section */
		DA88DB301F7E24C80098C51F /* CopyFiles */ = {
			isa = PBXCopyFilesBuildPhase;
			buildActionMask = 2147483647;
			dstPath = "include/$(PRODUCT_NAME)";
			dstSubfolderSpec = 16;
			files = (
			);
			runOnlyForDeploymentPostprocessing = 0;
		};
/* End PBXCopyFilesBuildPhase section */

/* Begin PBXFileReference section */
		DA3AE12E23CDA298006BBEB7 /* UIImage+Compress.m */ = {isa = PBXFileReference; fileEncoding = 4; lastKnownFileType = sourcecode.c.objc; path = "UIImage+Compress.m"; sourceTree = "<group>"; };
		DA3AE12F23CDA298006BBEB7 /* UIImage+FileBase64.h */ = {isa = PBXFileReference; fileEncoding = 4; lastKnownFileType = sourcecode.c.h; path = "UIImage+FileBase64.h"; sourceTree = "<group>"; };
		DA3AE13023CDA299006BBEB7 /* UIColor+Random.m */ = {isa = PBXFileReference; fileEncoding = 4; lastKnownFileType = sourcecode.c.objc; path = "UIColor+Random.m"; sourceTree = "<group>"; };
		DA3AE13123CDA299006BBEB7 /* UIColor+Random.h */ = {isa = PBXFileReference; fileEncoding = 4; lastKnownFileType = sourcecode.c.h; path = "UIColor+Random.h"; sourceTree = "<group>"; };
		DA3AE13223CDA299006BBEB7 /* UIImage+Compress.h */ = {isa = PBXFileReference; fileEncoding = 4; lastKnownFileType = sourcecode.c.h; path = "UIImage+Compress.h"; sourceTree = "<group>"; };
		DA3AE13323CDA299006BBEB7 /* UIImage+FileBase64.m */ = {isa = PBXFileReference; fileEncoding = 4; lastKnownFileType = sourcecode.c.objc; path = "UIImage+FileBase64.m"; sourceTree = "<group>"; };
		DA3AE13423CDA299006BBEB7 /* NSString+Relative.h */ = {isa = PBXFileReference; fileEncoding = 4; lastKnownFileType = sourcecode.c.h; path = "NSString+Relative.h"; sourceTree = "<group>"; };
		DA3AE13523CDA299006BBEB7 /* NSString+Relative.m */ = {isa = PBXFileReference; fileEncoding = 4; lastKnownFileType = sourcecode.c.objc; path = "NSString+Relative.m"; sourceTree = "<group>"; };
		DA3AE13D23CDA5A1006BBEB7 /* UIColor+use.h */ = {isa = PBXFileReference; lastKnownFileType = sourcecode.c.h; path = "UIColor+use.h"; sourceTree = "<group>"; };
		DA3AE13E23CDA5A1006BBEB7 /* UIColor+use.m */ = {isa = PBXFileReference; lastKnownFileType = sourcecode.c.objc; path = "UIColor+use.m"; sourceTree = "<group>"; };
		DA3AE14223CDC3FA006BBEB7 /* LRACNetworking.h */ = {isa = PBXFileReference; fileEncoding = 4; lastKnownFileType = sourcecode.c.h; path = LRACNetworking.h; sourceTree = "<group>"; };
		DA3AE14323CDC3FA006BBEB7 /* LNetworkingRequest.m */ = {isa = PBXFileReference; fileEncoding = 4; lastKnownFileType = sourcecode.c.objc; path = LNetworkingRequest.m; sourceTree = "<group>"; };
		DA3AE14423CDC3FA006BBEB7 /* LNetworkingConst.h */ = {isa = PBXFileReference; fileEncoding = 4; lastKnownFileType = sourcecode.c.h; path = LNetworkingConst.h; sourceTree = "<group>"; };
		DA3AE14523CDC3FA006BBEB7 /* LNetworkManagerConfig.h */ = {isa = PBXFileReference; fileEncoding = 4; lastKnownFileType = sourcecode.c.h; path = LNetworkManagerConfig.h; sourceTree = "<group>"; };
		DA3AE14623CDC3FA006BBEB7 /* LNetworkingResponse.m */ = {isa = PBXFileReference; fileEncoding = 4; lastKnownFileType = sourcecode.c.objc; path = LNetworkingResponse.m; sourceTree = "<group>"; };
		DA3AE14723CDC3FA006BBEB7 /* LNetworkingRequest.h */ = {isa = PBXFileReference; fileEncoding = 4; lastKnownFileType = sourcecode.c.h; path = LNetworkingRequest.h; sourceTree = "<group>"; };
		DA3AE14823CDC3FA006BBEB7 /* LRACNetworking.m */ = {isa = PBXFileReference; fileEncoding = 4; lastKnownFileType = sourcecode.c.objc; path = LRACNetworking.m; sourceTree = "<group>"; };
		DA3AE14923CDC3FA006BBEB7 /* LNetworkManagerConfig.m */ = {isa = PBXFileReference; fileEncoding = 4; lastKnownFileType = sourcecode.c.objc; path = LNetworkManagerConfig.m; sourceTree = "<group>"; };
		DA3AE14A23CDC3FA006BBEB7 /* LNetworkingConst.m */ = {isa = PBXFileReference; fileEncoding = 4; lastKnownFileType = sourcecode.c.objc; path = LNetworkingConst.m; sourceTree = "<group>"; };
		DA3AE14B23CDC3FA006BBEB7 /* LNetworkingResponse.h */ = {isa = PBXFileReference; fileEncoding = 4; lastKnownFileType = sourcecode.c.h; path = LNetworkingResponse.h; sourceTree = "<group>"; };
		DA3AE14C23CDC3FA006BBEB7 /* FNetworkingManager.m */ = {isa = PBXFileReference; fileEncoding = 4; lastKnownFileType = sourcecode.c.objc; path = FNetworkingManager.m; sourceTree = "<group>"; };
		DA3AE14D23CDC3FA006BBEB7 /* FNetworkingManager.h */ = {isa = PBXFileReference; fileEncoding = 4; lastKnownFileType = sourcecode.c.h; path = FNetworkingManager.h; sourceTree = "<group>"; };
		DA66A46722B8D62E00975428 /* CAPickerView.h */ = {isa = PBXFileReference; fileEncoding = 4; lastKnownFileType = sourcecode.c.h; path = CAPickerView.h; sourceTree = "<group>"; };
		DA66A46822B8D62E00975428 /* CAPickerView.m */ = {isa = PBXFileReference; fileEncoding = 4; lastKnownFileType = sourcecode.c.objc; path = CAPickerView.m; sourceTree = "<group>"; };
		DA8251141F7E482A0084F317 /* CCAbbarCategory.h */ = {isa = PBXFileReference; fileEncoding = 4; lastKnownFileType = sourcecode.c.h; path = CCAbbarCategory.h; sourceTree = "<group>"; };
		DA8251161F7E482A0084F317 /* NSDate+Category.h */ = {isa = PBXFileReference; fileEncoding = 4; lastKnownFileType = sourcecode.c.h; path = "NSDate+Category.h"; sourceTree = "<group>"; };
		DA8251171F7E482A0084F317 /* NSDate+Category.m */ = {isa = PBXFileReference; fileEncoding = 4; lastKnownFileType = sourcecode.c.objc; path = "NSDate+Category.m"; sourceTree = "<group>"; };
		DA8251181F7E482A0084F317 /* NSDateFormatter+Category.h */ = {isa = PBXFileReference; fileEncoding = 4; lastKnownFileType = sourcecode.c.h; path = "NSDateFormatter+Category.h"; sourceTree = "<group>"; };
		DA8251191F7E482A0084F317 /* NSDateFormatter+Category.m */ = {isa = PBXFileReference; fileEncoding = 4; lastKnownFileType = sourcecode.c.objc; path = "NSDateFormatter+Category.m"; sourceTree = "<group>"; };
		DA82511A1F7E482A0084F317 /* NSFileManager+CCFilePath.h */ = {isa = PBXFileReference; fileEncoding = 4; lastKnownFileType = sourcecode.c.h; path = "NSFileManager+CCFilePath.h"; sourceTree = "<group>"; };
		DA82511B1F7E482A0084F317 /* NSFileManager+CCFilePath.m */ = {isa = PBXFileReference; fileEncoding = 4; lastKnownFileType = sourcecode.c.objc; path = "NSFileManager+CCFilePath.m"; sourceTree = "<group>"; };
		DA82511C1F7E482A0084F317 /* NSObject+CCObject.h */ = {isa = PBXFileReference; fileEncoding = 4; lastKnownFileType = sourcecode.c.h; path = "NSObject+CCObject.h"; sourceTree = "<group>"; };
		DA82511D1F7E482A0084F317 /* NSObject+CCObject.m */ = {isa = PBXFileReference; fileEncoding = 4; lastKnownFileType = sourcecode.c.objc; path = "NSObject+CCObject.m"; sourceTree = "<group>"; };
		DA82511E1F7E482A0084F317 /* NSObject+CCRuntime.h */ = {isa = PBXFileReference; fileEncoding = 4; lastKnownFileType = sourcecode.c.h; path = "NSObject+CCRuntime.h"; sourceTree = "<group>"; };
		DA82511F1F7E482A0084F317 /* NSObject+CCRuntime.m */ = {isa = PBXFileReference; fileEncoding = 4; lastKnownFileType = sourcecode.c.objc; path = "NSObject+CCRuntime.m"; sourceTree = "<group>"; };
		DA8251201F7E482A0084F317 /* NSObject+toString.h */ = {isa = PBXFileReference; fileEncoding = 4; lastKnownFileType = sourcecode.c.h; path = "NSObject+toString.h"; sourceTree = "<group>"; };
		DA8251211F7E482A0084F317 /* NSObject+toString.m */ = {isa = PBXFileReference; fileEncoding = 4; lastKnownFileType = sourcecode.c.objc; path = "NSObject+toString.m"; sourceTree = "<group>"; };
		DA8251221F7E482A0084F317 /* NSString+CCString.h */ = {isa = PBXFileReference; fileEncoding = 4; lastKnownFileType = sourcecode.c.h; path = "NSString+CCString.h"; sourceTree = "<group>"; };
		DA8251231F7E482A0084F317 /* NSString+CCString.m */ = {isa = PBXFileReference; fileEncoding = 4; lastKnownFileType = sourcecode.c.objc; path = "NSString+CCString.m"; sourceTree = "<group>"; };
		DA8251241F7E482A0084F317 /* NSString+Emoji.h */ = {isa = PBXFileReference; fileEncoding = 4; lastKnownFileType = sourcecode.c.h; path = "NSString+Emoji.h"; sourceTree = "<group>"; };
		DA8251251F7E482A0084F317 /* NSString+Emoji.m */ = {isa = PBXFileReference; fileEncoding = 4; lastKnownFileType = sourcecode.c.objc; path = "NSString+Emoji.m"; sourceTree = "<group>"; };
		DA8251261F7E482A0084F317 /* NSString+Hashes.h */ = {isa = PBXFileReference; fileEncoding = 4; lastKnownFileType = sourcecode.c.h; path = "NSString+Hashes.h"; sourceTree = "<group>"; };
		DA8251271F7E482A0084F317 /* NSString+Hashes.m */ = {isa = PBXFileReference; fileEncoding = 4; lastKnownFileType = sourcecode.c.objc; path = "NSString+Hashes.m"; sourceTree = "<group>"; };
		DA8251281F7E482A0084F317 /* NSTimer+CCTimer.h */ = {isa = PBXFileReference; fileEncoding = 4; lastKnownFileType = sourcecode.c.h; path = "NSTimer+CCTimer.h"; sourceTree = "<group>"; };
		DA8251291F7E482A0084F317 /* NSTimer+CCTimer.m */ = {isa = PBXFileReference; fileEncoding = 4; lastKnownFileType = sourcecode.c.objc; path = "NSTimer+CCTimer.m"; sourceTree = "<group>"; };
		DA82512A1F7E482A0084F317 /* localizedString.bundle */ = {isa = PBXFileReference; lastKnownFileType = "wrapper.plug-in"; path = localizedString.bundle; sourceTree = "<group>"; };
		DA82512C1F7E482B0084F317 /* CCAbbarKit.h */ = {isa = PBXFileReference; fileEncoding = 4; lastKnownFileType = sourcecode.c.h; path = CCAbbarKit.h; sourceTree = "<group>"; };
		DA82512E1F7E482B0084F317 /* CCPickerView.h */ = {isa = PBXFileReference; fileEncoding = 4; lastKnownFileType = sourcecode.c.h; path = CCPickerView.h; sourceTree = "<group>"; };
		DA82512F1F7E482B0084F317 /* CCPickerView.m */ = {isa = PBXFileReference; fileEncoding = 4; lastKnownFileType = sourcecode.c.objc; path = CCPickerView.m; sourceTree = "<group>"; };
		DA8251301F7E482B0084F317 /* UIScrollView+EmptyDataSet.h */ = {isa = PBXFileReference; fileEncoding = 4; lastKnownFileType = sourcecode.c.h; path = "UIScrollView+EmptyDataSet.h"; sourceTree = "<group>"; };
		DA8251311F7E482B0084F317 /* UIScrollView+EmptyDataSet.m */ = {isa = PBXFileReference; fileEncoding = 4; lastKnownFileType = sourcecode.c.objc; path = "UIScrollView+EmptyDataSet.m"; sourceTree = "<group>"; };
		DA8251321F7E482B0084F317 /* UIView+CCView.h */ = {isa = PBXFileReference; fileEncoding = 4; lastKnownFileType = sourcecode.c.h; path = "UIView+CCView.h"; sourceTree = "<group>"; };
		DA8251331F7E482B0084F317 /* UIView+CCView.m */ = {isa = PBXFileReference; fileEncoding = 4; lastKnownFileType = sourcecode.c.objc; path = "UIView+CCView.m"; sourceTree = "<group>"; };
		DA8251341F7E482B0084F317 /* XCTableView.h */ = {isa = PBXFileReference; fileEncoding = 4; lastKnownFileType = sourcecode.c.h; path = XCTableView.h; sourceTree = "<group>"; };
		DA8251351F7E482B0084F317 /* XCTableView.m */ = {isa = PBXFileReference; fileEncoding = 4; lastKnownFileType = sourcecode.c.objc; path = XCTableView.m; sourceTree = "<group>"; };
		DA8251451F7F39720084F317 /* CCDefine.h */ = {isa = PBXFileReference; fileEncoding = 4; lastKnownFileType = sourcecode.c.h; path = CCDefine.h; sourceTree = "<group>"; };
		DA8251471F7F551D0084F317 /* CCAbbar.h */ = {isa = PBXFileReference; lastKnownFileType = sourcecode.c.h; path = CCAbbar.h; sourceTree = SOURCE_ROOT; };
		DA88DB321F7E24C80098C51F /* libCCAbbar.a */ = {isa = PBXFileReference; explicitFileType = archive.ar; includeInIndex = 0; path = libCCAbbar.a; sourceTree = BUILT_PRODUCTS_DIR; };
/* End PBXFileReference section */

/* Begin PBXFrameworksBuildPhase section */
		DA88DB2F1F7E24C80098C51F /* Frameworks */ = {
			isa = PBXFrameworksBuildPhase;
			buildActionMask = 2147483647;
			files = (
			);
			runOnlyForDeploymentPostprocessing = 0;
		};
/* End PBXFrameworksBuildPhase section */

/* Begin PBXGroup section */
		DA3AE14023CDC3FA006BBEB7 /* RACNetworking */ = {
			isa = PBXGroup;
			children = (
				DA3AE14123CDC3FA006BBEB7 /* Classes */,
				DA3AE14C23CDC3FA006BBEB7 /* FNetworkingManager.m */,
				DA3AE14D23CDC3FA006BBEB7 /* FNetworkingManager.h */,
			);
			path = RACNetworking;
			sourceTree = SOURCE_ROOT;
		};
		DA3AE14123CDC3FA006BBEB7 /* Classes */ = {
			isa = PBXGroup;
			children = (
				DA3AE14223CDC3FA006BBEB7 /* LRACNetworking.h */,
				DA3AE14323CDC3FA006BBEB7 /* LNetworkingRequest.m */,
				DA3AE14423CDC3FA006BBEB7 /* LNetworkingConst.h */,
				DA3AE14523CDC3FA006BBEB7 /* LNetworkManagerConfig.h */,
				DA3AE14623CDC3FA006BBEB7 /* LNetworkingResponse.m */,
				DA3AE14723CDC3FA006BBEB7 /* LNetworkingRequest.h */,
				DA3AE14823CDC3FA006BBEB7 /* LRACNetworking.m */,
				DA3AE14923CDC3FA006BBEB7 /* LNetworkManagerConfig.m */,
				DA3AE14A23CDC3FA006BBEB7 /* LNetworkingConst.m */,
				DA3AE14B23CDC3FA006BBEB7 /* LNetworkingResponse.h */,
			);
			path = Classes;
			sourceTree = "<group>";
		};
		DA8251131F7E482A0084F317 /* Category */ = {
			isa = PBXGroup;
			children = (
				DA8251141F7E482A0084F317 /* CCAbbarCategory.h */,
				DA8251151F7E482A0084F317 /* Classes */,
				DA82512A1F7E482A0084F317 /* localizedString.bundle */,
			);
			path = Category;
			sourceTree = SOURCE_ROOT;
		};
		DA8251151F7E482A0084F317 /* Classes */ = {
			isa = PBXGroup;
			children = (
				DA8251161F7E482A0084F317 /* NSDate+Category.h */,
				DA8251171F7E482A0084F317 /* NSDate+Category.m */,
				DA8251181F7E482A0084F317 /* NSDateFormatter+Category.h */,
				DA8251191F7E482A0084F317 /* NSDateFormatter+Category.m */,
				DA82511A1F7E482A0084F317 /* NSFileManager+CCFilePath.h */,
				DA82511B1F7E482A0084F317 /* NSFileManager+CCFilePath.m */,
				DA82511C1F7E482A0084F317 /* NSObject+CCObject.h */,
				DA82511D1F7E482A0084F317 /* NSObject+CCObject.m */,
				DA82511E1F7E482A0084F317 /* NSObject+CCRuntime.h */,
				DA82511F1F7E482A0084F317 /* NSObject+CCRuntime.m */,
				DA8251201F7E482A0084F317 /* NSObject+toString.h */,
				DA8251211F7E482A0084F317 /* NSObject+toString.m */,
				DA8251221F7E482A0084F317 /* NSString+CCString.h */,
				DA8251231F7E482A0084F317 /* NSString+CCString.m */,
				DA8251241F7E482A0084F317 /* NSString+Emoji.h */,
				DA8251251F7E482A0084F317 /* NSString+Emoji.m */,
				DA8251261F7E482A0084F317 /* NSString+Hashes.h */,
				DA8251271F7E482A0084F317 /* NSString+Hashes.m */,
				DA8251281F7E482A0084F317 /* NSTimer+CCTimer.h */,
				DA8251291F7E482A0084F317 /* NSTimer+CCTimer.m */,
				DA3AE13423CDA299006BBEB7 /* NSString+Relative.h */,
				DA3AE13523CDA299006BBEB7 /* NSString+Relative.m */,
				DA3AE13123CDA299006BBEB7 /* UIColor+Random.h */,
				DA3AE13023CDA299006BBEB7 /* UIColor+Random.m */,
				DA3AE13223CDA299006BBEB7 /* UIImage+Compress.h */,
				DA3AE12E23CDA298006BBEB7 /* UIImage+Compress.m */,
				DA3AE12F23CDA298006BBEB7 /* UIImage+FileBase64.h */,
				DA3AE13323CDA299006BBEB7 /* UIImage+FileBase64.m */,
				DA8251321F7E482B0084F317 /* UIView+CCView.h */,
				DA8251331F7E482B0084F317 /* UIView+CCView.m */,
				DA3AE13D23CDA5A1006BBEB7 /* UIColor+use.h */,
				DA3AE13E23CDA5A1006BBEB7 /* UIColor+use.m */,
			);
			path = Classes;
			sourceTree = "<group>";
		};
		DA82512B1F7E482A0084F317 /* CCKit */ = {
			isa = PBXGroup;
			children = (
				DA82512C1F7E482B0084F317 /* CCAbbarKit.h */,
				DA82512D1F7E482B0084F317 /* Classes */,
			);
			path = CCKit;
			sourceTree = SOURCE_ROOT;
		};
		DA82512D1F7E482B0084F317 /* Classes */ = {
			isa = PBXGroup;
			children = (
				DA66A46722B8D62E00975428 /* CAPickerView.h */,
				DA66A46822B8D62E00975428 /* CAPickerView.m */,
				DA82512E1F7E482B0084F317 /* CCPickerView.h */,
				DA82512F1F7E482B0084F317 /* CCPickerView.m */,
				DA8251301F7E482B0084F317 /* UIScrollView+EmptyDataSet.h */,
				DA8251311F7E482B0084F317 /* UIScrollView+EmptyDataSet.m */,
				DA8251341F7E482B0084F317 /* XCTableView.h */,
				DA8251351F7E482B0084F317 /* XCTableView.m */,
			);
			path = Classes;
			sourceTree = "<group>";
		};
		DA8251441F7F39720084F317 /* CCDefine */ = {
			isa = PBXGroup;
			children = (
				DA8251451F7F39720084F317 /* CCDefine.h */,
			);
			path = CCDefine;
			sourceTree = SOURCE_ROOT;
		};
		DA88DB291F7E24C80098C51F = {
			isa = PBXGroup;
			children = (
				DA88DB341F7E24C80098C51F /* CCAbbar */,
				DA88DB331F7E24C80098C51F /* Products */,
			);
			sourceTree = "<group>";
		};
		DA88DB331F7E24C80098C51F /* Products */ = {
			isa = PBXGroup;
			children = (
				DA88DB321F7E24C80098C51F /* libCCAbbar.a */,
			);
			name = Products;
			sourceTree = "<group>";
		};
		DA88DB341F7E24C80098C51F /* CCAbbar */ = {
			isa = PBXGroup;
			children = (
				DA3AE14023CDC3FA006BBEB7 /* RACNetworking */,
				DA8251441F7F39720084F317 /* CCDefine */,
				DA8251131F7E482A0084F317 /* Category */,
				DA82512B1F7E482A0084F317 /* CCKit */,
				DA8251471F7F551D0084F317 /* CCAbbar.h */,
			);
			path = CCAbbar;
			sourceTree = "<group>";
		};
/* End PBXGroup section */

/* Begin PBXNativeTarget section */
		DA88DB311F7E24C80098C51F /* CCAbbar */ = {
			isa = PBXNativeTarget;
			buildConfigurationList = DA88DB3B1F7E24C80098C51F /* Build configuration list for PBXNativeTarget "CCAbbar" */;
			buildPhases = (
				DA88DB2E1F7E24C80098C51F /* Sources */,
				DA88DB2F1F7E24C80098C51F /* Frameworks */,
				DA88DB301F7E24C80098C51F /* CopyFiles */,
			);
			buildRules = (
			);
			dependencies = (
			);
			name = CCAbbar;
			productName = CCAbbar;
			productReference = DA88DB321F7E24C80098C51F /* libCCAbbar.a */;
			productType = "com.apple.product-type.library.static";
		};
/* End PBXNativeTarget section */

/* Begin PBXProject section */
		DA88DB2A1F7E24C80098C51F /* Project object */ = {
			isa = PBXProject;
			attributes = {
				LastUpgradeCheck = 0900;
				ORGANIZATIONNAME = lecochao;
				TargetAttributes = {
					DA88DB311F7E24C80098C51F = {
						CreatedOnToolsVersion = 9.0;
						ProvisioningStyle = Automatic;
					};
				};
			};
			buildConfigurationList = DA88DB2D1F7E24C80098C51F /* Build configuration list for PBXProject "CCAbbar" */;
			compatibilityVersion = "Xcode 8.0";
			developmentRegion = en;
			hasScannedForEncodings = 0;
			knownRegions = (
				en,
			);
			mainGroup = DA88DB291F7E24C80098C51F;
			productRefGroup = DA88DB331F7E24C80098C51F /* Products */;
			projectDirPath = "";
			projectRoot = "";
			targets = (
				DA88DB311F7E24C80098C51F /* CCAbbar */,
			);
		};
/* End PBXProject section */

/* Begin PBXSourcesBuildPhase section */
		DA88DB2E1F7E24C80098C51F /* Sources */ = {
			isa = PBXSourcesBuildPhase;
			buildActionMask = 2147483647;
			files = (
				DA8251431F7E482B0084F317 /* XCTableView.m in Sources */,
				DA3AE15A23CDC3FA006BBEB7 /* LNetworkingConst.m in Sources */,
				DA66A46922B8D62E00975428 /* CAPickerView.m in Sources */,
				DA3AE13723CDA299006BBEB7 /* UIColor+Random.m in Sources */,
				DA3AE15B23CDC3FA006BBEB7 /* FNetworkingManager.m in Sources */,
				DA82513F1F7E482B0084F317 /* NSTimer+CCTimer.m in Sources */,
				DA8251381F7E482B0084F317 /* NSFileManager+CCFilePath.m in Sources */,
				DA82513C1F7E482B0084F317 /* NSString+CCString.m in Sources */,
				DA3AE13823CDA299006BBEB7 /* UIImage+FileBase64.m in Sources */,
				DA3AE13623CDA299006BBEB7 /* UIImage+Compress.m in Sources */,
				DA82513D1F7E482B0084F317 /* NSString+Emoji.m in Sources */,
				DA3AE15923CDC3FA006BBEB7 /* LNetworkManagerConfig.m in Sources */,
				DA3AE13F23CDA5A1006BBEB7 /* UIColor+use.m in Sources */,
				DA82513A1F7E482B0084F317 /* NSObject+CCRuntime.m in Sources */,
				DA3AE15723CDC3FA006BBEB7 /* LNetworkingResponse.m in Sources */,
				DA3AE15623CDC3FA006BBEB7 /* LNetworkingRequest.m in Sources */,
				DA8251361F7E482B0084F317 /* NSDate+Category.m in Sources */,
				DA8251421F7E482B0084F317 /* UIView+CCView.m in Sources */,
				DA82513E1F7E482B0084F317 /* NSString+Hashes.m in Sources */,
				DA82513B1F7E482B0084F317 /* NSObject+toString.m in Sources */,
				DA3AE13923CDA299006BBEB7 /* NSString+Relative.m in Sources */,
				DA3AE15823CDC3FA006BBEB7 /* LRACNetworking.m in Sources */,
				DA8251391F7E482B0084F317 /* NSObject+CCObject.m in Sources */,
				DA8251371F7E482B0084F317 /* NSDateFormatter+Category.m in Sources */,
				DA8251411F7E482B0084F317 /* UIScrollView+EmptyDataSet.m in Sources */,
				DA8251401F7E482B0084F317 /* CCPickerView.m in Sources */,
			);
			runOnlyForDeploymentPostprocessing = 0;
		};
/* End PBXSourcesBuildPhase section */

/* Begin XCBuildConfiguration section */
		DA88DB391F7E24C80098C51F /* Debug */ = {
			isa = XCBuildConfiguration;
			buildSettings = {
				ALWAYS_SEARCH_USER_PATHS = NO;
				CLANG_ANALYZER_NONNULL = YES;
				CLANG_ANALYZER_NUMBER_OBJECT_CONVERSION = YES_AGGRESSIVE;
				CLANG_CXX_LANGUAGE_STANDARD = "gnu++14";
				CLANG_CXX_LIBRARY = "libc++";
				CLANG_ENABLE_MODULES = YES;
				CLANG_ENABLE_OBJC_ARC = YES;
				CLANG_WARN_BLOCK_CAPTURE_AUTORELEASING = YES;
				CLANG_WARN_BOOL_CONVERSION = YES;
				CLANG_WARN_COMMA = YES;
				CLANG_WARN_CONSTANT_CONVERSION = YES;
				CLANG_WARN_DIRECT_OBJC_ISA_USAGE = YES_ERROR;
				CLANG_WARN_DOCUMENTATION_COMMENTS = YES;
				CLANG_WARN_EMPTY_BODY = YES;
				CLANG_WARN_ENUM_CONVERSION = YES;
				CLANG_WARN_INFINITE_RECURSION = YES;
				CLANG_WARN_INT_CONVERSION = YES;
				CLANG_WARN_NON_LITERAL_NULL_CONVERSION = YES;
				CLANG_WARN_OBJC_LITERAL_CONVERSION = YES;
				CLANG_WARN_OBJC_ROOT_CLASS = YES_ERROR;
				CLANG_WARN_RANGE_LOOP_ANALYSIS = YES;
				CLANG_WARN_STRICT_PROTOTYPES = YES;
				CLANG_WARN_SUSPICIOUS_MOVE = YES;
				CLANG_WARN_UNGUARDED_AVAILABILITY = YES_AGGRESSIVE;
				CLANG_WARN_UNREACHABLE_CODE = YES;
				CLANG_WARN__DUPLICATE_METHOD_MATCH = YES;
				CODE_SIGN_IDENTITY = "iPhone Developer";
				COPY_PHASE_STRIP = NO;
				DEBUG_INFORMATION_FORMAT = dwarf;
				ENABLE_STRICT_OBJC_MSGSEND = YES;
				ENABLE_TESTABILITY = YES;
				GCC_C_LANGUAGE_STANDARD = gnu11;
				GCC_DYNAMIC_NO_PIC = NO;
				GCC_NO_COMMON_BLOCKS = YES;
				GCC_OPTIMIZATION_LEVEL = 0;
				GCC_PREPROCESSOR_DEFINITIONS = (
					"DEBUG=1",
					"$(inherited)",
				);
				GCC_WARN_64_TO_32_BIT_CONVERSION = YES;
				GCC_WARN_ABOUT_RETURN_TYPE = YES_ERROR;
				GCC_WARN_UNDECLARED_SELECTOR = YES;
				GCC_WARN_UNINITIALIZED_AUTOS = YES_AGGRESSIVE;
				GCC_WARN_UNUSED_FUNCTION = YES;
				GCC_WARN_UNUSED_VARIABLE = YES;
				IPHONEOS_DEPLOYMENT_TARGET = 11.0;
				MTL_ENABLE_DEBUG_INFO = YES;
				ONLY_ACTIVE_ARCH = YES;
				SDKROOT = iphoneos;
			};
			name = Debug;
		};
		DA88DB3A1F7E24C80098C51F /* Release */ = {
			isa = XCBuildConfiguration;
			buildSettings = {
				ALWAYS_SEARCH_USER_PATHS = NO;
				CLANG_ANALYZER_NONNULL = YES;
				CLANG_ANALYZER_NUMBER_OBJECT_CONVERSION = YES_AGGRESSIVE;
				CLANG_CXX_LANGUAGE_STANDARD = "gnu++14";
				CLANG_CXX_LIBRARY = "libc++";
				CLANG_ENABLE_MODULES = YES;
				CLANG_ENABLE_OBJC_ARC = YES;
				CLANG_WARN_BLOCK_CAPTURE_AUTORELEASING = YES;
				CLANG_WARN_BOOL_CONVERSION = YES;
				CLANG_WARN_COMMA = YES;
				CLANG_WARN_CONSTANT_CONVERSION = YES;
				CLANG_WARN_DIRECT_OBJC_ISA_USAGE = YES_ERROR;
				CLANG_WARN_DOCUMENTATION_COMMENTS = YES;
				CLANG_WARN_EMPTY_BODY = YES;
				CLANG_WARN_ENUM_CONVERSION = YES;
				CLANG_WARN_INFINITE_RECURSION = YES;
				CLANG_WARN_INT_CONVERSION = YES;
				CLANG_WARN_NON_LITERAL_NULL_CONVERSION = YES;
				CLANG_WARN_OBJC_LITERAL_CONVERSION = YES;
				CLANG_WARN_OBJC_ROOT_CLASS = YES_ERROR;
				CLANG_WARN_RANGE_LOOP_ANALYSIS = YES;
				CLANG_WARN_STRICT_PROTOTYPES = YES;
				CLANG_WARN_SUSPICIOUS_MOVE = YES;
				CLANG_WARN_UNGUARDED_AVAILABILITY = YES_AGGRESSIVE;
				CLANG_WARN_UNREACHABLE_CODE = YES;
				CLANG_WARN__DUPLICATE_METHOD_MATCH = YES;
				CODE_SIGN_IDENTITY = "iPhone Developer";
				COPY_PHASE_STRIP = NO;
				DEBUG_INFORMATION_FORMAT = "dwarf-with-dsym";
				ENABLE_NS_ASSERTIONS = NO;
				ENABLE_STRICT_OBJC_MSGSEND = YES;
				GCC_C_LANGUAGE_STANDARD = gnu11;
				GCC_NO_COMMON_BLOCKS = YES;
				GCC_WARN_64_TO_32_BIT_CONVERSION = YES;
				GCC_WARN_ABOUT_RETURN_TYPE = YES_ERROR;
				GCC_WARN_UNDECLARED_SELECTOR = YES;
				GCC_WARN_UNINITIALIZED_AUTOS = YES_AGGRESSIVE;
				GCC_WARN_UNUSED_FUNCTION = YES;
				GCC_WARN_UNUSED_VARIABLE = YES;
				IPHONEOS_DEPLOYMENT_TARGET = 11.0;
				MTL_ENABLE_DEBUG_INFO = NO;
				SDKROOT = iphoneos;
				VALIDATE_PRODUCT = YES;
			};
			name = Release;
		};
		DA88DB3C1F7E24C80098C51F /* Debug */ = {
			isa = XCBuildConfiguration;
			buildSettings = {
				CODE_SIGN_STYLE = Automatic;
				DEVELOPMENT_TEAM = 4TNUKKVG8N;
				OTHER_LDFLAGS = "-ObjC";
				PRODUCT_NAME = "$(TARGET_NAME)";
				SKIP_INSTALL = YES;
				TARGETED_DEVICE_FAMILY = "1,2";
			};
			name = Debug;
		};
		DA88DB3D1F7E24C80098C51F /* Release */ = {
			isa = XCBuildConfiguration;
			buildSettings = {
				CODE_SIGN_STYLE = Automatic;
				DEVELOPMENT_TEAM = 4TNUKKVG8N;
				OTHER_LDFLAGS = "-ObjC";
				PRODUCT_NAME = "$(TARGET_NAME)";
				SKIP_INSTALL = YES;
				TARGETED_DEVICE_FAMILY = "1,2";
			};
			name = Release;
		};
/* End XCBuildConfiguration section */

/* Begin XCConfigurationList section */
		DA88DB2D1F7E24C80098C51F /* Build configuration list for PBXProject "CCAbbar" */ = {
			isa = XCConfigurationList;
			buildConfigurations = (
				DA88DB391F7E24C80098C51F /* Debug */,
				DA88DB3A1F7E24C80098C51F /* Release */,
			);
			defaultConfigurationIsVisible = 0;
			defaultConfigurationName = Release;
		};
		DA88DB3B1F7E24C80098C51F /* Build configuration list for PBXNativeTarget "CCAbbar" */ = {
			isa = XCConfigurationList;
			buildConfigurations = (
				DA88DB3C1F7E24C80098C51F /* Debug */,
				DA88DB3D1F7E24C80098C51F /* Release */,
			);
			defaultConfigurationIsVisible = 0;
			defaultConfigurationName = Release;
		};
/* End XCConfigurationList section */
	};
	rootObject = DA88DB2A1F7E24C80098C51F /* Project object */;
}
